
Microsoft Visual Studio Solution File, Format Version 12.00
# Visual Studio 15
Project("{FAE04EC0-301F-11D3-BF4B-00C04F79EFBC}") = "PhotonUnityNetworking.Utilities", "PhotonUnityNetworking.Utilities.csproj", "{4E3C3A1F-DC4D-1FC1-8938-A79A6FA8C499}"
EndProject
Project("{FAE04EC0-301F-11D3-BF4B-00C04F79EFBC}") = "Assembly-CSharp", "Assembly-CSharp.csproj", "{33E6C992-D369-2E92-9795-4A0FB1EBA1E5}"
EndProject
Project("{FAE04EC0-301F-11D3-BF4B-00C04F79EFBC}") = "PhotonUnityNetworking.Demos", "PhotonUnityNetworking.Demos.csproj", "{8DBBA9FF-D1CF-60FA-D679-0CA56D1F9D98}"
EndProject
Project("{FAE04EC0-301F-11D3-BF4B-00C04F79EFBC}") = "PhotonUnityNetworking", "PhotonUnityNetworking.csproj", "{9511B23C-96B1-8FE6-BF24-E1565BCAB740}"
EndProject
Project("{FAE04EC0-301F-11D3-BF4B-00C04F79EFBC}") = "PhotonRealtime", "PhotonRealtime.csproj", "{F3743779-60CA-35C4-8BD7-FE29BB3DC6B9}"
EndProject
Project("{FAE04EC0-301F-11D3-BF4B-00C04F79EFBC}") = "PhotonUnityNetworking.Editor", "PhotonUnityNetworking.Editor.csproj", "{9B2A6BE8-1A69-887F-A417-06C89EF94FB0}"
EndProject
Project("{FAE04EC0-301F-11D3-BF4B-00C04F79EFBC}") = "PhotonUnityNetworking.Utilities.PhotonPlayer.Editor", "PhotonUnityNetworking.Utilities.PhotonPlayer.Editor.csproj", "{E2DA4589-493A-64FC-F275-E2C0FC4CCDF3}"
EndProject
Project("{FAE04EC0-301F-11D3-BF4B-00C04F79EFBC}") = "PunDemos.DemoSlotcarEditor", "PunDemos.DemoSlotcarEditor.csproj", "{73054D40-966C-4E27-01D2-B2472B9B800D}"
EndProject
Project("{FAE04EC0-301F-11D3-BF4B-00C04F79EFBC}") = "PhotonUnityNetworking.Utilities.Culling.Editor", "PhotonUnityNetworking.Utilities.Culling.Editor.csproj", "{673468E1-EBD7-A042-D056-C9D74C91E061}"
EndProject
Project("{FAE04EC0-301F-11D3-BF4B-00C04F79EFBC}") = "PunDemos.DemoHubEditor", "PunDemos.DemoHubEditor.csproj", "{FCCF8FBA-6122-4CBD-0E0E-F3A06B78BBCC}"
EndProject
Global
	GlobalSection(SolutionConfigurationPlatforms) = preSolution
		Debug|Any CPU = Debug|Any CPU
		Release|Any CPU = Release|Any CPU
	EndGlobalSection
	GlobalSection(ProjectConfigurationPlatforms) = postSolution
		{4E3C3A1F-DC4D-1FC1-8938-A79A6FA8C499}.Debug|Any CPU.ActiveCfg = Debug|Any CPU
		{4E3C3A1F-DC4D-1FC1-8938-A79A6FA8C499}.Debug|Any CPU.Build.0 = Debug|Any CPU
		{4E3C3A1F-DC4D-1FC1-8938-A79A6FA8C499}.Release|Any CPU.ActiveCfg = Release|Any CPU
		{4E3C3A1F-DC4D-1FC1-8938-A79A6FA8C499}.Release|Any CPU.Build.0 = Release|Any CPU
		{33E6C992-D369-2E92-9795-4A0FB1EBA1E5}.Debug|Any CPU.ActiveCfg = Debug|Any CPU
		{33E6C992-D369-2E92-9795-4A0FB1EBA1E5}.Debug|Any CPU.Build.0 = Debug|Any CPU
		{33E6C992-D369-2E92-9795-4A0FB1EBA1E5}.Release|Any CPU.ActiveCfg = Release|Any CPU
		{33E6C992-D369-2E92-9795-4A0FB1EBA1E5}.Release|Any CPU.Build.0 = Release|Any CPU
		{8DBBA9FF-D1CF-60FA-D679-0CA56D1F9D98}.Debug|Any CPU.ActiveCfg = Debug|Any CPU
		{8DBBA9FF-D1CF-60FA-D679-0CA56D1F9D98}.Debug|Any CPU.Build.0 = Debug|Any CPU
		{8DBBA9FF-D1CF-60FA-D679-0CA56D1F9D98}.Release|Any CPU.ActiveCfg = Release|Any CPU
		{8DBBA9FF-D1CF-60FA-D679-0CA56D1F9D98}.Release|Any CPU.Build.0 = Release|Any CPU
		{9511B23C-96B1-8FE6-BF24-E1565BCAB740}.Debug|Any CPU.ActiveCfg = Debug|Any CPU
		{9511B23C-96B1-8FE6-BF24-E1565BCAB740}.Debug|Any CPU.Build.0 = Debug|Any CPU
		{9511B23C-96B1-8FE6-BF24-E1565BCAB740}.Release|Any CPU.ActiveCfg = Release|Any CPU
		{9511B23C-96B1-8FE6-BF24-E1565BCAB740}.Release|Any CPU.Build.0 = Release|Any CPU
		{F3743779-60CA-35C4-8BD7-FE29BB3DC6B9}.Debug|Any CPU.ActiveCfg = Debug|Any CPU
		{F3743779-60CA-35C4-8BD7-FE29BB3DC6B9}.Debug|Any CPU.Build.0 = Debug|Any CPU
		{F3743779-60CA-35C4-8BD7-FE29BB3DC6B9}.Release|Any CPU.ActiveCfg = Release|Any CPU
		{F3743779-60CA-35C4-8BD7-FE29BB3DC6B9}.Release|Any CPU.Build.0 = Release|Any CPU
		{9B2A6BE8-1A69-887F-A417-06C89EF94FB0}.Debug|Any CPU.ActiveCfg = Debug|Any CPU
		{9B2A6BE8-1A69-887F-A417-06C89EF94FB0}.Debug|Any CPU.Build.0 = Debug|Any CPU
		{9B2A6BE8-1A69-887F-A417-06C89EF94FB0}.Release|Any CPU.ActiveCfg = Release|Any CPU
		{9B2A6BE8-1A69-887F-A417-06C89EF94FB0}.Release|Any CPU.Build.0 = Release|Any CPU
		{E2DA4589-493A-64FC-F275-E2C0FC4CCDF3}.Debug|Any CPU.ActiveCfg = Debug|Any CPU
		{E2DA4589-493A-64FC-F275-E2C0FC4CCDF3}.Debug|Any CPU.Build.0 = Debug|Any CPU
		{E2DA4589-493A-64FC-F275-E2C0FC4CCDF3}.Release|Any CPU.ActiveCfg = Release|Any CPU
		{E2DA4589-493A-64FC-F275-E2C0FC4CCDF3}.Release|Any CPU.Build.0 = Release|Any CPU
		{73054D40-966C-4E27-01D2-B2472B9B800D}.Debug|Any CPU.ActiveCfg = Debug|Any CPU
		{73054D40-966C-4E27-01D2-B2472B9B800D}.Debug|Any CPU.Build.0 = Debug|Any CPU
		{73054D40-966C-4E27-01D2-B2472B9B800D}.Release|Any CPU.ActiveCfg = Release|Any CPU
		{73054D40-966C-4E27-01D2-B2472B9B800D}.Release|Any CPU.Build.0 = Release|Any CPU
		{673468E1-EBD7-A042-D056-C9D74C91E061}.Debug|Any CPU.ActiveCfg = Debug|Any CPU
		{673468E1-EBD7-A042-D056-C9D74C91E061}.Debug|Any CPU.Build.0 = Debug|Any CPU
		{673468E1-EBD7-A042-D056-C9D74C91E061}.Release|Any CPU.ActiveCfg = Release|Any CPU
		{673468E1-EBD7-A042-D056-C9D74C91E061}.Release|Any CPU.Build.0 = Release|Any CPU
		{FCCF8FBA-6122-4CBD-0E0E-F3A06B78BBCC}.Debug|Any CPU.ActiveCfg = Debug|Any CPU
		{FCCF8FBA-6122-4CBD-0E0E-F3A06B78BBCC}.Debug|Any CPU.Build.0 = Debug|Any CPU
		{FCCF8FBA-6122-4CBD-0E0E-F3A06B78BBCC}.Release|Any CPU.ActiveCfg = Release|Any CPU
		{FCCF8FBA-6122-4CBD-0E0E-F3A06B78BBCC}.Release|Any CPU.Build.0 = Release|Any CPU
	EndGlobalSection
	GlobalSection(SolutionProperties) = preSolution
		HideSolutionNode = FALSE
	EndGlobalSection
EndGlobal
